// !$*UTF8*$!
{
	archiveVersion = 1;
	classes = {
	};
	objectVersion = 50;
	objects = {

/* Begin PBXBuildFile section */
		3300B60C21E287D400259B48 /* AppDelegate.swift in Sources */ = {isa = PBXBuildFile; fileRef = 3300B60B21E287D400259B48 /* AppDelegate.swift */; };
		3300B61121E287D400259B48 /* Main.storyboard in Resources */ = {isa = PBXBuildFile; fileRef = 3300B60F21E287D400259B48 /* Main.storyboard */; };
		3300B61321E287D500259B48 /* Assets.xcassets in Resources */ = {isa = PBXBuildFile; fileRef = 3300B61221E287D500259B48 /* Assets.xcassets */; };
		3300B61621E287D500259B48 /* LaunchScreen.storyboard in Resources */ = {isa = PBXBuildFile; fileRef = 3300B61421E287D500259B48 /* LaunchScreen.storyboard */; };
		3300B62121E287D500259B48 /* BigTunaTests.swift in Sources */ = {isa = PBXBuildFile; fileRef = 3300B62021E287D500259B48 /* BigTunaTests.swift */; };
		3300B62C21E287D500259B48 /* BigTunaUITests.swift in Sources */ = {isa = PBXBuildFile; fileRef = 3300B62B21E287D500259B48 /* BigTunaUITests.swift */; };
		33F73E6021E2DD6A007A5082 /* MainTabBarController.swift in Sources */ = {isa = PBXBuildFile; fileRef = 33F73E5F21E2DD6A007A5082 /* MainTabBarController.swift */; };
		33F73E6221E2DF97007A5082 /* FeedTableViewController.swift in Sources */ = {isa = PBXBuildFile; fileRef = 33F73E6121E2DF97007A5082 /* FeedTableViewController.swift */; };
		33F73E6421E2E055007A5082 /* BookmarksTableViewController.swift in Sources */ = {isa = PBXBuildFile; fileRef = 33F73E6321E2E055007A5082 /* BookmarksTableViewController.swift */; };
		33FEE07321E438C400269F35 /* User.swift in Sources */ = {isa = PBXBuildFile; fileRef = 33FEE07221E438C400269F35 /* User.swift */; };
		33FEE07521E43C8400269F35 /* Post.swift in Sources */ = {isa = PBXBuildFile; fileRef = 33FEE07421E43C8400269F35 /* Post.swift */; };
		33FEE07721E43F8700269F35 /* Restaurant.swift in Sources */ = {isa = PBXBuildFile; fileRef = 33FEE07621E43F8700269F35 /* Restaurant.swift */; };
/* End PBXBuildFile section */

/* Begin PBXContainerItemProxy section */
		3300B61D21E287D500259B48 /* PBXContainerItemProxy */ = {
			isa = PBXContainerItemProxy;
			containerPortal = 3300B60021E287D400259B48 /* Project object */;
			proxyType = 1;
			remoteGlobalIDString = 3300B60721E287D400259B48;
			remoteInfo = BigTuna;
		};
		3300B62821E287D500259B48 /* PBXContainerItemProxy */ = {
			isa = PBXContainerItemProxy;
			containerPortal = 3300B60021E287D400259B48 /* Project object */;
			proxyType = 1;
			remoteGlobalIDString = 3300B60721E287D400259B48;
			remoteInfo = BigTuna;
		};
/* End PBXContainerItemProxy section */

/* Begin PBXFileReference section */
		3300B60821E287D400259B48 /* BigTuna.app */ = {isa = PBXFileReference; explicitFileType = wrapper.application; includeInIndex = 0; path = BigTuna.app; sourceTree = BUILT_PRODUCTS_DIR; };
		3300B60B21E287D400259B48 /* AppDelegate.swift */ = {isa = PBXFileReference; lastKnownFileType = sourcecode.swift; path = AppDelegate.swift; sourceTree = "<group>"; };
		3300B61021E287D400259B48 /* Base */ = {isa = PBXFileReference; lastKnownFileType = file.storyboard; name = Base; path = Base.lproj/Main.storyboard; sourceTree = "<group>"; };
		3300B61221E287D500259B48 /* Assets.xcassets */ = {isa = PBXFileReference; lastKnownFileType = folder.assetcatalog; path = Assets.xcassets; sourceTree = "<group>"; };
		3300B61521E287D500259B48 /* Base */ = {isa = PBXFileReference; lastKnownFileType = file.storyboard; name = Base; path = Base.lproj/LaunchScreen.storyboard; sourceTree = "<group>"; };
		3300B61721E287D500259B48 /* Info.plist */ = {isa = PBXFileReference; lastKnownFileType = text.plist.xml; path = Info.plist; sourceTree = "<group>"; };
		3300B61C21E287D500259B48 /* BigTunaTests.xctest */ = {isa = PBXFileReference; explicitFileType = wrapper.cfbundle; includeInIndex = 0; path = BigTunaTests.xctest; sourceTree = BUILT_PRODUCTS_DIR; };
		3300B62021E287D500259B48 /* BigTunaTests.swift */ = {isa = PBXFileReference; lastKnownFileType = sourcecode.swift; path = BigTunaTests.swift; sourceTree = "<group>"; };
		3300B62221E287D500259B48 /* Info.plist */ = {isa = PBXFileReference; lastKnownFileType = text.plist.xml; path = Info.plist; sourceTree = "<group>"; };
		3300B62721E287D500259B48 /* BigTunaUITests.xctest */ = {isa = PBXFileReference; explicitFileType = wrapper.cfbundle; includeInIndex = 0; path = BigTunaUITests.xctest; sourceTree = BUILT_PRODUCTS_DIR; };
		3300B62B21E287D500259B48 /* BigTunaUITests.swift */ = {isa = PBXFileReference; lastKnownFileType = sourcecode.swift; path = BigTunaUITests.swift; sourceTree = "<group>"; };
		3300B62D21E287D500259B48 /* Info.plist */ = {isa = PBXFileReference; lastKnownFileType = text.plist.xml; path = Info.plist; sourceTree = "<group>"; };
		33F73E5F21E2DD6A007A5082 /* MainTabBarController.swift */ = {isa = PBXFileReference; lastKnownFileType = sourcecode.swift; path = MainTabBarController.swift; sourceTree = "<group>"; };
		33F73E6121E2DF97007A5082 /* FeedTableViewController.swift */ = {isa = PBXFileReference; lastKnownFileType = sourcecode.swift; path = FeedTableViewController.swift; sourceTree = "<group>"; };
		33F73E6321E2E055007A5082 /* BookmarksTableViewController.swift */ = {isa = PBXFileReference; lastKnownFileType = sourcecode.swift; path = BookmarksTableViewController.swift; sourceTree = "<group>"; };
		33FEE07221E438C400269F35 /* User.swift */ = {isa = PBXFileReference; lastKnownFileType = sourcecode.swift; name = User.swift; path = "BigTuna/View Controllers/User.swift"; sourceTree = SOURCE_ROOT; };
		33FEE07421E43C8400269F35 /* Post.swift */ = {isa = PBXFileReference; lastKnownFileType = sourcecode.swift; path = Post.swift; sourceTree = "<group>"; };
		33FEE07621E43F8700269F35 /* Restaurant.swift */ = {isa = PBXFileReference; lastKnownFileType = sourcecode.swift; path = Restaurant.swift; sourceTree = "<group>"; };
/* End PBXFileReference section */

/* Begin PBXFrameworksBuildPhase section */
		3300B60521E287D400259B48 /* Frameworks */ = {
			isa = PBXFrameworksBuildPhase;
			buildActionMask = 2147483647;
			files = (
			);
			runOnlyForDeploymentPostprocessing = 0;
		};
		3300B61921E287D500259B48 /* Frameworks */ = {
			isa = PBXFrameworksBuildPhase;
			buildActionMask = 2147483647;
			files = (
			);
			runOnlyForDeploymentPostprocessing = 0;
		};
		3300B62421E287D500259B48 /* Frameworks */ = {
			isa = PBXFrameworksBuildPhase;
			buildActionMask = 2147483647;
			files = (
			);
			runOnlyForDeploymentPostprocessing = 0;
		};
/* End PBXFrameworksBuildPhase section */

/* Begin PBXGroup section */
		3300B5FF21E287D400259B48 = {
			isa = PBXGroup;
			children = (
				3300B60A21E287D400259B48 /* BigTuna */,
				3300B61F21E287D500259B48 /* BigTunaTests */,
				3300B62A21E287D500259B48 /* BigTunaUITests */,
				3300B60921E287D400259B48 /* Products */,
			);
			sourceTree = "<group>";
		};
		3300B60921E287D400259B48 /* Products */ = {
			isa = PBXGroup;
			children = (
				3300B60821E287D400259B48 /* BigTuna.app */,
				3300B61C21E287D500259B48 /* BigTunaTests.xctest */,
				3300B62721E287D500259B48 /* BigTunaUITests.xctest */,
			);
			name = Products;
			sourceTree = "<group>";
		};
		3300B60A21E287D400259B48 /* BigTuna */ = {
			isa = PBXGroup;
			children = (
				33F73E5E21E2DC38007A5082 /* Other Controllers */,
				33F73E5D21E2DC2A007A5082 /* Models */,
				33F73E5C21E2DC17007A5082 /* Views */,
				33F73E5B21E2DBF8007A5082 /* View Controllers */,
				3300B60B21E287D400259B48 /* AppDelegate.swift */,
				3300B60F21E287D400259B48 /* Main.storyboard */,
				3300B61221E287D500259B48 /* Assets.xcassets */,
				3300B61421E287D500259B48 /* LaunchScreen.storyboard */,
				3300B61721E287D500259B48 /* Info.plist */,
			);
			path = BigTuna;
			sourceTree = "<group>";
		};
		3300B61F21E287D500259B48 /* BigTunaTests */ = {
			isa = PBXGroup;
			children = (
				3300B62021E287D500259B48 /* BigTunaTests.swift */,
				3300B62221E287D500259B48 /* Info.plist */,
			);
			path = BigTunaTests;
			sourceTree = "<group>";
		};
		3300B62A21E287D500259B48 /* BigTunaUITests */ = {
			isa = PBXGroup;
			children = (
				3300B62B21E287D500259B48 /* BigTunaUITests.swift */,
				3300B62D21E287D500259B48 /* Info.plist */,
			);
			path = BigTunaUITests;
			sourceTree = "<group>";
		};
		33F73E5B21E2DBF8007A5082 /* View Controllers */ = {
			isa = PBXGroup;
			children = (
				33F73E5F21E2DD6A007A5082 /* MainTabBarController.swift */,
				33F73E6121E2DF97007A5082 /* FeedTableViewController.swift */,
				33F73E6321E2E055007A5082 /* BookmarksTableViewController.swift */,
			);
			path = "View Controllers";
			sourceTree = "<group>";
		};
		33F73E5C21E2DC17007A5082 /* Views */ = {
			isa = PBXGroup;
			children = (
			);
			path = Views;
			sourceTree = "<group>";
		};
		33F73E5D21E2DC2A007A5082 /* Models */ = {
			isa = PBXGroup;
			children = (
				33FEE07221E438C400269F35 /* User.swift */,
				33FEE07421E43C8400269F35 /* Post.swift */,
				33FEE07621E43F8700269F35 /* Restaurant.swift */,
			);
			path = Models;
			sourceTree = "<group>";
		};
		33F73E5E21E2DC38007A5082 /* Other Controllers */ = {
			isa = PBXGroup;
			children = (
			);
			path = "Other Controllers";
			sourceTree = "<group>";
		};
/* End PBXGroup section */

/* Begin PBXNativeTarget section */
		3300B60721E287D400259B48 /* BigTuna */ = {
			isa = PBXNativeTarget;
			buildConfigurationList = 3300B63021E287D500259B48 /* Build configuration list for PBXNativeTarget "BigTuna" */;
			buildPhases = (
				3300B60421E287D400259B48 /* Sources */,
				3300B60521E287D400259B48 /* Frameworks */,
				3300B60621E287D400259B48 /* Resources */,
			);
			buildRules = (
			);
			dependencies = (
			);
			name = BigTuna;
			productName = BigTuna;
			productReference = 3300B60821E287D400259B48 /* BigTuna.app */;
			productType = "com.apple.product-type.application";
		};
		3300B61B21E287D500259B48 /* BigTunaTests */ = {
			isa = PBXNativeTarget;
			buildConfigurationList = 3300B63321E287D500259B48 /* Build configuration list for PBXNativeTarget "BigTunaTests" */;
			buildPhases = (
				3300B61821E287D500259B48 /* Sources */,
				3300B61921E287D500259B48 /* Frameworks */,
				3300B61A21E287D500259B48 /* Resources */,
			);
			buildRules = (
			);
			dependencies = (
				3300B61E21E287D500259B48 /* PBXTargetDependency */,
			);
			name = BigTunaTests;
			productName = BigTunaTests;
			productReference = 3300B61C21E287D500259B48 /* BigTunaTests.xctest */;
			productType = "com.apple.product-type.bundle.unit-test";
		};
		3300B62621E287D500259B48 /* BigTunaUITests */ = {
			isa = PBXNativeTarget;
			buildConfigurationList = 3300B63621E287D500259B48 /* Build configuration list for PBXNativeTarget "BigTunaUITests" */;
			buildPhases = (
				3300B62321E287D500259B48 /* Sources */,
				3300B62421E287D500259B48 /* Frameworks */,
				3300B62521E287D500259B48 /* Resources */,
			);
			buildRules = (
			);
			dependencies = (
				3300B62921E287D500259B48 /* PBXTargetDependency */,
			);
			name = BigTunaUITests;
			productName = BigTunaUITests;
			productReference = 3300B62721E287D500259B48 /* BigTunaUITests.xctest */;
			productType = "com.apple.product-type.bundle.ui-testing";
		};
/* End PBXNativeTarget section */

/* Begin PBXProject section */
		3300B60021E287D400259B48 /* Project object */ = {
			isa = PBXProject;
			attributes = {
				LastSwiftUpdateCheck = 1010;
				LastUpgradeCheck = 1010;
				ORGANIZATIONNAME = "aomori nebuta";
				TargetAttributes = {
					3300B60721E287D400259B48 = {
						CreatedOnToolsVersion = 10.1;
					};
					3300B61B21E287D500259B48 = {
						CreatedOnToolsVersion = 10.1;
						TestTargetID = 3300B60721E287D400259B48;
					};
					3300B62621E287D500259B48 = {
						CreatedOnToolsVersion = 10.1;
						TestTargetID = 3300B60721E287D400259B48;
					};
				};
			};
			buildConfigurationList = 3300B60321E287D400259B48 /* Build configuration list for PBXProject "BigTuna" */;
			compatibilityVersion = "Xcode 9.3";
			developmentRegion = en;
			hasScannedForEncodings = 0;
			knownRegions = (
				en,
				Base,
			);
			mainGroup = 3300B5FF21E287D400259B48;
			productRefGroup = 3300B60921E287D400259B48 /* Products */;
			projectDirPath = "";
			projectRoot = "";
			targets = (
				3300B60721E287D400259B48 /* BigTuna */,
				3300B61B21E287D500259B48 /* BigTunaTests */,
				3300B62621E287D500259B48 /* BigTunaUITests */,
			);
		};
/* End PBXProject section */

/* Begin PBXResourcesBuildPhase section */
		3300B60621E287D400259B48 /* Resources */ = {
			isa = PBXResourcesBuildPhase;
			buildActionMask = 2147483647;
			files = (
				3300B61621E287D500259B48 /* LaunchScreen.storyboard in Resources */,
				3300B61321E287D500259B48 /* Assets.xcassets in Resources */,
				3300B61121E287D400259B48 /* Main.storyboard in Resources */,
			);
			runOnlyForDeploymentPostprocessing = 0;
		};
		3300B61A21E287D500259B48 /* Resources */ = {
			isa = PBXResourcesBuildPhase;
			buildActionMask = 2147483647;
			files = (
			);
			runOnlyForDeploymentPostprocessing = 0;
		};
		3300B62521E287D500259B48 /* Resources */ = {
			isa = PBXResourcesBuildPhase;
			buildActionMask = 2147483647;
			files = (
			);
			runOnlyForDeploymentPostprocessing = 0;
		};
/* End PBXResourcesBuildPhase section */

/* Begin PBXSourcesBuildPhase section */
		3300B60421E287D400259B48 /* Sources */ = {
			isa = PBXSourcesBuildPhase;
			buildActionMask = 2147483647;
			files = (
				33F73E6021E2DD6A007A5082 /* MainTabBarController.swift in Sources */,
				33F73E6421E2E055007A5082 /* BookmarksTableViewController.swift in Sources */,
				33F73E6221E2DF97007A5082 /* FeedTableViewController.swift in Sources */,
				33FEE07721E43F8700269F35 /* Restaurant.swift in Sources */,
				33FEE07521E43C8400269F35 /* Post.swift in Sources */,
				33FEE07321E438C400269F35 /* User.swift in Sources */,
				3300B60C21E287D400259B48 /* AppDelegate.swift in Sources */,
			);
			runOnlyForDeploymentPostprocessing = 0;
		};
		3300B61821E287D500259B48 /* Sources */ = {
			isa = PBXSourcesBuildPhase;
			buildActionMask = 2147483647;
			files = (
				3300B62121E287D500259B48 /* BigTunaTests.swift in Sources */,
			);
			runOnlyForDeploymentPostprocessing = 0;
		};
		3300B62321E287D500259B48 /* Sources */ = {
			isa = PBXSourcesBuildPhase;
			buildActionMask = 2147483647;
			files = (
				3300B62C21E287D500259B48 /* BigTunaUITests.swift in Sources */,
			);
			runOnlyForDeploymentPostprocessing = 0;
		};
/* End PBXSourcesBuildPhase section */

/* Begin PBXTargetDependency section */
		3300B61E21E287D500259B48 /* PBXTargetDependency */ = {
			isa = PBXTargetDependency;
			target = 3300B60721E287D400259B48 /* BigTuna */;
			targetProxy = 3300B61D21E287D500259B48 /* PBXContainerItemProxy */;
		};
		3300B62921E287D500259B48 /* PBXTargetDependency */ = {
			isa = PBXTargetDependency;
			target = 3300B60721E287D400259B48 /* BigTuna */;
			targetProxy = 3300B62821E287D500259B48 /* PBXContainerItemProxy */;
		};
/* End PBXTargetDependency section */

/* Begin PBXVariantGroup section */
		3300B60F21E287D400259B48 /* Main.storyboard */ = {
			isa = PBXVariantGroup;
			children = (
				3300B61021E287D400259B48 /* Base */,
			);
			name = Main.storyboard;
			sourceTree = "<group>";
		};
		3300B61421E287D500259B48 /* LaunchScreen.storyboard */ = {
			isa = PBXVariantGroup;
			children = (
				3300B61521E287D500259B48 /* Base */,
			);
			name = LaunchScreen.storyboard;
			sourceTree = "<group>";
		};
/* End PBXVariantGroup section */

/* Begin XCBuildConfiguration section */
		3300B62E21E287D500259B48 /* Debug */ = {
			isa = XCBuildConfiguration;
			buildSettings = {
				ALWAYS_SEARCH_USER_PATHS = NO;
				CLANG_ANALYZER_NONNULL = YES;
				CLANG_ANALYZER_NUMBER_OBJECT_CONVERSION = YES_AGGRESSIVE;
				CLANG_CXX_LANGUAGE_STANDARD = "gnu++14";
				CLANG_CXX_LIBRARY = "libc++";
				CLANG_ENABLE_MODULES = YES;
				CLANG_ENABLE_OBJC_ARC = YES;
				CLANG_ENABLE_OBJC_WEAK = YES;
				CLANG_WARN_BLOCK_CAPTURE_AUTORELEASING = YES;
				CLANG_WARN_BOOL_CONVERSION = YES;
				CLANG_WARN_COMMA = YES;
				CLANG_WARN_CONSTANT_CONVERSION = YES;
				CLANG_WARN_DEPRECATED_OBJC_IMPLEMENTATIONS = YES;
				CLANG_WARN_DIRECT_OBJC_ISA_USAGE = YES_ERROR;
				CLANG_WARN_DOCUMENTATION_COMMENTS = YES;
				CLANG_WARN_EMPTY_BODY = YES;
				CLANG_WARN_ENUM_CONVERSION = YES;
				CLANG_WARN_INFINITE_RECURSION = YES;
				CLANG_WARN_INT_CONVERSION = YES;
				CLANG_WARN_NON_LITERAL_NULL_CONVERSION = YES;
				CLANG_WARN_OBJC_IMPLICIT_RETAIN_SELF = YES;
				CLANG_WARN_OBJC_LITERAL_CONVERSION = YES;
				CLANG_WARN_OBJC_ROOT_CLASS = YES_ERROR;
				CLANG_WARN_RANGE_LOOP_ANALYSIS = YES;
				CLANG_WARN_STRICT_PROTOTYPES = YES;
				CLANG_WARN_SUSPICIOUS_MOVE = YES;
				CLANG_WARN_UNGUARDED_AVAILABILITY = YES_AGGRESSIVE;
				CLANG_WARN_UNREACHABLE_CODE = YES;
				CLANG_WARN__DUPLICATE_METHOD_MATCH = YES;
				CODE_SIGN_IDENTITY = "iPhone Developer";
				COPY_PHASE_STRIP = NO;
				DEBUG_INFORMATION_FORMAT = dwarf;
				ENABLE_STRICT_OBJC_MSGSEND = YES;
				ENABLE_TESTABILITY = YES;
				GCC_C_LANGUAGE_STANDARD = gnu11;
				GCC_DYNAMIC_NO_PIC = NO;
				GCC_NO_COMMON_BLOCKS = YES;
				GCC_OPTIMIZATION_LEVEL = 0;
				GCC_PREPROCESSOR_DEFINITIONS = (
					"DEBUG=1",
					"$(inherited)",
				);
				GCC_WARN_64_TO_32_BIT_CONVERSION = YES;
				GCC_WARN_ABOUT_RETURN_TYPE = YES_ERROR;
				GCC_WARN_UNDECLARED_SELECTOR = YES;
				GCC_WARN_UNINITIALIZED_AUTOS = YES_AGGRESSIVE;
				GCC_WARN_UNUSED_FUNCTION = YES;
				GCC_WARN_UNUSED_VARIABLE = YES;
				IPHONEOS_DEPLOYMENT_TARGET = 12.1;
				MTL_ENABLE_DEBUG_INFO = INCLUDE_SOURCE;
				MTL_FAST_MATH = YES;
				ONLY_ACTIVE_ARCH = YES;
				SDKROOT = iphoneos;
				SWIFT_ACTIVE_COMPILATION_CONDITIONS = DEBUG;
				SWIFT_OPTIMIZATION_LEVEL = "-Onone";
			};
			name = Debug;
		};
		3300B62F21E287D500259B48 /* Release */ = {
			isa = XCBuildConfiguration;
			buildSettings = {
				ALWAYS_SEARCH_USER_PATHS = NO;
				CLANG_ANALYZER_NONNULL = YES;
				CLANG_ANALYZER_NUMBER_OBJECT_CONVERSION = YES_AGGRESSIVE;
				CLANG_CXX_LANGUAGE_STANDARD = "gnu++14";
				CLANG_CXX_LIBRARY = "libc++";
				CLANG_ENABLE_MODULES = YES;
				CLANG_ENABLE_OBJC_ARC = YES;
				CLANG_ENABLE_OBJC_WEAK = YES;
				CLANG_WARN_BLOCK_CAPTURE_AUTORELEASING = YES;
				CLANG_WARN_BOOL_CONVERSION = YES;
				CLANG_WARN_COMMA = YES;
				CLANG_WARN_CONSTANT_CONVERSION = YES;
				CLANG_WARN_DEPRECATED_OBJC_IMPLEMENTATIONS = YES;
				CLANG_WARN_DIRECT_OBJC_ISA_USAGE = YES_ERROR;
				CLANG_WARN_DOCUMENTATION_COMMENTS = YES;
				CLANG_WARN_EMPTY_BODY = YES;
				CLANG_WARN_ENUM_CONVERSION = YES;
				CLANG_WARN_INFINITE_RECURSION = YES;
				CLANG_WARN_INT_CONVERSION = YES;
				CLANG_WARN_NON_LITERAL_NULL_CONVERSION = YES;
				CLANG_WARN_OBJC_IMPLICIT_RETAIN_SELF = YES;
				CLANG_WARN_OBJC_LITERAL_CONVERSION = YES;
				CLANG_WARN_OBJC_ROOT_CLASS = YES_ERROR;
				CLANG_WARN_RANGE_LOOP_ANALYSIS = YES;
				CLANG_WARN_STRICT_PROTOTYPES = YES;
				CLANG_WARN_SUSPICIOUS_MOVE = YES;
				CLANG_WARN_UNGUARDED_AVAILABILITY = YES_AGGRESSIVE;
				CLANG_WARN_UNREACHABLE_CODE = YES;
				CLANG_WARN__DUPLICATE_METHOD_MATCH = YES;
				CODE_SIGN_IDENTITY = "iPhone Developer";
				COPY_PHASE_STRIP = NO;
				DEBUG_INFORMATION_FORMAT = "dwarf-with-dsym";
				ENABLE_NS_ASSERTIONS = NO;
				ENABLE_STRICT_OBJC_MSGSEND = YES;
				GCC_C_LANGUAGE_STANDARD = gnu11;
				GCC_NO_COMMON_BLOCKS = YES;
				GCC_WARN_64_TO_32_BIT_CONVERSION = YES;
				GCC_WARN_ABOUT_RETURN_TYPE = YES_ERROR;
				GCC_WARN_UNDECLARED_SELECTOR = YES;
				GCC_WARN_UNINITIALIZED_AUTOS = YES_AGGRESSIVE;
				GCC_WARN_UNUSED_FUNCTION = YES;
				GCC_WARN_UNUSED_VARIABLE = YES;
				IPHONEOS_DEPLOYMENT_TARGET = 12.1;
				MTL_ENABLE_DEBUG_INFO = NO;
				MTL_FAST_MATH = YES;
				SDKROOT = iphoneos;
				SWIFT_COMPILATION_MODE = wholemodule;
				SWIFT_OPTIMIZATION_LEVEL = "-O";
				VALIDATE_PRODUCT = YES;
			};
			name = Release;
		};
		3300B63121E287D500259B48 /* Debug */ = {
			isa = XCBuildConfiguration;
			buildSettings = {
				ASSETCATALOG_COMPILER_APPICON_NAME = AppIcon;
				CODE_SIGN_IDENTITY = "iPhone Developer";
				CODE_SIGN_STYLE = Automatic;
				DEVELOPMENT_TEAM = Q6HM8NCC5D;
				INFOPLIST_FILE = BigTuna/Info.plist;
				LD_RUNPATH_SEARCH_PATHS = (
					"$(inherited)",
					"@executable_path/Frameworks",
				);
				PRODUCT_BUNDLE_IDENTIFIER = com.james.BigTuna;
				PRODUCT_NAME = "$(TARGET_NAME)";
				PROVISIONING_PROFILE_SPECIFIER = "";
				SWIFT_VERSION = 4.2;
				TARGETED_DEVICE_FAMILY = "1,2";
			};
			name = Debug;
		};
		3300B63221E287D500259B48 /* Release */ = {
			isa = XCBuildConfiguration;
			buildSettings = {
				ASSETCATALOG_COMPILER_APPICON_NAME = AppIcon;
				CODE_SIGN_IDENTITY = "iPhone Developer";
				CODE_SIGN_STYLE = Automatic;
				DEVELOPMENT_TEAM = Q6HM8NCC5D;
				INFOPLIST_FILE = BigTuna/Info.plist;
				LD_RUNPATH_SEARCH_PATHS = (
					"$(inherited)",
					"@executable_path/Frameworks",
				);
				PRODUCT_BUNDLE_IDENTIFIER = com.james.BigTuna;
				PRODUCT_NAME = "$(TARGET_NAME)";
				PROVISIONING_PROFILE_SPECIFIER = "";
				SWIFT_VERSION = 4.2;
				TARGETED_DEVICE_FAMILY = "1,2";
			};
			name = Release;
		};
		3300B63421E287D500259B48 /* Debug */ = {
			isa = XCBuildConfiguration;
			buildSettings = {
				ALWAYS_EMBED_SWIFT_STANDARD_LIBRARIES = YES;
				BUNDLE_LOADER = "$(TEST_HOST)";
				CODE_SIGN_STYLE = Automatic;
				DEVELOPMENT_TEAM = Q6HM8NCC5D;
				INFOPLIST_FILE = BigTunaTests/Info.plist;
				LD_RUNPATH_SEARCH_PATHS = (
					"$(inherited)",
					"@executable_path/Frameworks",
					"@loader_path/Frameworks",
				);
				PRODUCT_BUNDLE_IDENTIFIER = com.james.BigTunaTests;
				PRODUCT_NAME = "$(TARGET_NAME)";
				SWIFT_VERSION = 4.2;
				TARGETED_DEVICE_FAMILY = "1,2";
				TEST_HOST = "$(BUILT_PRODUCTS_DIR)/BigTuna.app/BigTuna";
			};
			name = Debug;
		};
		3300B63521E287D500259B48 /* Release */ = {
			isa = XCBuildConfiguration;
			buildSettings = {
				ALWAYS_EMBED_SWIFT_STANDARD_LIBRARIES = YES;
				BUNDLE_LOADER = "$(TEST_HOST)";
				CODE_SIGN_STYLE = Automatic;
				DEVELOPMENT_TEAM = Q6HM8NCC5D;
				INFOPLIST_FILE = BigTunaTests/Info.plist;
				LD_RUNPATH_SEARCH_PATHS = (
					"$(inherited)",
					"@executable_path/Frameworks",
					"@loader_path/Frameworks",
				);
				PRODUCT_BUNDLE_IDENTIFIER = com.james.BigTunaTests;
				PRODUCT_NAME = "$(TARGET_NAME)";
				SWIFT_VERSION = 4.2;
				TARGETED_DEVICE_FAMILY = "1,2";
				TEST_HOST = "$(BUILT_PRODUCTS_DIR)/BigTuna.app/BigTuna";
			};
			name = Release;
		};
		3300B63721E287D500259B48 /* Debug */ = {
			isa = XCBuildConfiguration;
			buildSettings = {
				ALWAYS_EMBED_SWIFT_STANDARD_LIBRARIES = YES;
				CODE_SIGN_STYLE = Automatic;
				DEVELOPMENT_TEAM = Q6HM8NCC5D;
				INFOPLIST_FILE = BigTunaUITests/Info.plist;
				LD_RUNPATH_SEARCH_PATHS = (
					"$(inherited)",
					"@executable_path/Frameworks",
					"@loader_path/Frameworks",
				);
				PRODUCT_BUNDLE_IDENTIFIER = com.james.BigTunaUITests;
				PRODUCT_NAME = "$(TARGET_NAME)";
				SWIFT_VERSION = 4.2;
				TARGETED_DEVICE_FAMILY = "1,2";
				TEST_TARGET_NAME = BigTuna;
			};
			name = Debug;
		};
		3300B63821E287D500259B48 /* Release */ = {
			isa = XCBuildConfiguration;
			buildSettings = {
				ALWAYS_EMBED_SWIFT_STANDARD_LIBRARIES = YES;
				CODE_SIGN_STYLE = Automatic;
				DEVELOPMENT_TEAM = Q6HM8NCC5D;
				INFOPLIST_FILE = BigTunaUITests/Info.plist;
				LD_RUNPATH_SEARCH_PATHS = (
					"$(inherited)",
					"@executable_path/Frameworks",
					"@loader_path/Frameworks",
				);
				PRODUCT_BUNDLE_IDENTIFIER = com.james.BigTunaUITests;
				PRODUCT_NAME = "$(TARGET_NAME)";
				SWIFT_VERSION = 4.2;
				TARGETED_DEVICE_FAMILY = "1,2";
				TEST_TARGET_NAME = BigTuna;
			};
			name = Release;
		};
/* End XCBuildConfiguration section */

/* Begin XCConfigurationList section */
		3300B60321E287D400259B48 /* Build configuration list for PBXProject "BigTuna" */ = {
			isa = XCConfigurationList;
			buildConfigurations = (
				3300B62E21E287D500259B48 /* Debug */,
				3300B62F21E287D500259B48 /* Release */,
			);
			defaultConfigurationIsVisible = 0;
			defaultConfigurationName = Release;
		};
		3300B63021E287D500259B48 /* Build configuration list for PBXNativeTarget "BigTuna" */ = {
			isa = XCConfigurationList;
			buildConfigurations = (
				3300B63121E287D500259B48 /* Debug */,
				3300B63221E287D500259B48 /* Release */,
			);
			defaultConfigurationIsVisible = 0;
			defaultConfigurationName = Release;
		};
		3300B63321E287D500259B48 /* Build configuration list for PBXNativeTarget "BigTunaTests" */ = {
			isa = XCConfigurationList;
			buildConfigurations = (
				3300B63421E287D500259B48 /* Debug */,
				3300B63521E287D500259B48 /* Release */,
			);
			defaultConfigurationIsVisible = 0;
			defaultConfigurationName = Release;
		};
		3300B63621E287D500259B48 /* Build configuration list for PBXNativeTarget "BigTunaUITests" */ = {
			isa = XCConfigurationList;
			buildConfigurations = (
				3300B63721E287D500259B48 /* Debug */,
				3300B63821E287D500259B48 /* Release */,
			);
			defaultConfigurationIsVisible = 0;
			defaultConfigurationName = Release;
		};
/* End XCConfigurationList section */
	};
	rootObject = 3300B60021E287D400259B48 /* Project object */;
}
