// !$*UTF8*$!
{
	archiveVersion = 1;
	classes = {
	};
	objectVersion = 50;
	objects = {

/* Begin PBXBuildFile section */
		1FC4784E5447DF2F4F1B6E91 /* Pods_BigTunaUITests.framework in Frameworks */ = {isa = PBXBuildFile; fileRef = C2B4814D664DE04ED6FE92DE /* Pods_BigTunaUITests.framework */; };
		3300B60C21E287D400259B48 /* AppDelegate.swift in Sources */ = {isa = PBXBuildFile; fileRef = 3300B60B21E287D400259B48 /* AppDelegate.swift */; };
		3300B61121E287D400259B48 /* Main.storyboard in Resources */ = {isa = PBXBuildFile; fileRef = 3300B60F21E287D400259B48 /* Main.storyboard */; };
		3300B61321E287D500259B48 /* Assets.xcassets in Resources */ = {isa = PBXBuildFile; fileRef = 3300B61221E287D500259B48 /* Assets.xcassets */; };
		3300B61621E287D500259B48 /* LaunchScreen.storyboard in Resources */ = {isa = PBXBuildFile; fileRef = 3300B61421E287D500259B48 /* LaunchScreen.storyboard */; };
		3300B62121E287D500259B48 /* BigTunaTests.swift in Sources */ = {isa = PBXBuildFile; fileRef = 3300B62021E287D500259B48 /* BigTunaTests.swift */; };
		3300B62C21E287D500259B48 /* BigTunaUITests.swift in Sources */ = {isa = PBXBuildFile; fileRef = 3300B62B21E287D500259B48 /* BigTunaUITests.swift */; };
		331B192221F6B11300CD39FA /* GoogleService-Info.plist in Resources */ = {isa = PBXBuildFile; fileRef = 331B192121F6B11200CD39FA /* GoogleService-Info.plist */; };
		333DC3CC21F16C4800873A80 /* LoginViewController.swift in Sources */ = {isa = PBXBuildFile; fileRef = 333DC3CB21F16C4800873A80 /* LoginViewController.swift */; };
		334542C92246CCC50088E4F3 /* CategoryHeader.swift in Sources */ = {isa = PBXBuildFile; fileRef = 334542C82246CCC50088E4F3 /* CategoryHeader.swift */; };
		33BC9B6C2247D12E007D3FEC /* PostCell.swift in Sources */ = {isa = PBXBuildFile; fileRef = 33BC9B6B2247D12E007D3FEC /* PostCell.swift */; };
		33F73E6021E2DD6A007A5082 /* MainTabBarController.swift in Sources */ = {isa = PBXBuildFile; fileRef = 33F73E5F21E2DD6A007A5082 /* MainTabBarController.swift */; };
		33FEE07521E43C8400269F35 /* Post.swift in Sources */ = {isa = PBXBuildFile; fileRef = 33FEE07421E43C8400269F35 /* Post.swift */; };
		33FEE07721E43F8700269F35 /* Restaurant.swift in Sources */ = {isa = PBXBuildFile; fileRef = 33FEE07621E43F8700269F35 /* Restaurant.swift */; };
		33FEE07921E4451700269F35 /* User.swift in Sources */ = {isa = PBXBuildFile; fileRef = 33FEE07821E4451700269F35 /* User.swift */; };
		6352295E220FC22400CADE35 /* CameraViewController.swift in Sources */ = {isa = PBXBuildFile; fileRef = 6352295D220FC22400CADE35 /* CameraViewController.swift */; };
		63522960220FFB0500CADE35 /* ProfileViewController.swift in Sources */ = {isa = PBXBuildFile; fileRef = 6352295F220FFB0500CADE35 /* ProfileViewController.swift */; };
		6352296222100C9F00CADE35 /* DiscoverViewController.swift in Sources */ = {isa = PBXBuildFile; fileRef = 6352296122100C9F00CADE35 /* DiscoverViewController.swift */; };
		63D578BF2241FB8C00C6087E /* LoginImageViewBuilder.swift in Sources */ = {isa = PBXBuildFile; fileRef = 63D578BE2241FB8C00C6087E /* LoginImageViewBuilder.swift */; };
		63D578C12242044D00C6087E /* LoginInputViewBuilder.swift in Sources */ = {isa = PBXBuildFile; fileRef = 63D578C02242044D00C6087E /* LoginInputViewBuilder.swift */; };
		63E065762248355800C2402A /* LoginButtonViewBuilder.swift in Sources */ = {isa = PBXBuildFile; fileRef = 63E065752248355800C2402A /* LoginButtonViewBuilder.swift */; };
		63E06578224888C800C2402A /* LoginViewTags.swift in Sources */ = {isa = PBXBuildFile; fileRef = 63E06577224888C800C2402A /* LoginViewTags.swift */; };
		97FEF44E7A6BD8152B5374D4 /* Pods_BigTunaTests.framework in Frameworks */ = {isa = PBXBuildFile; fileRef = 98C5789961E6E8EED16C1A4D /* Pods_BigTunaTests.framework */; };
		C818F1D23040ED4321E939F4 /* Pods_BigTuna.framework in Frameworks */ = {isa = PBXBuildFile; fileRef = 6D18FB294E020309461D4A8C /* Pods_BigTuna.framework */; };
/* End PBXBuildFile section */

/* Begin PBXContainerItemProxy section */
		3300B61D21E287D500259B48 /* PBXContainerItemProxy */ = {
			isa = PBXContainerItemProxy;
			containerPortal = 3300B60021E287D400259B48 /* Project object */;
			proxyType = 1;
			remoteGlobalIDString = 3300B60721E287D400259B48;
			remoteInfo = BigTuna;
		};
		3300B62821E287D500259B48 /* PBXContainerItemProxy */ = {
			isa = PBXContainerItemProxy;
			containerPortal = 3300B60021E287D400259B48 /* Project object */;
			proxyType = 1;
			remoteGlobalIDString = 3300B60721E287D400259B48;
			remoteInfo = BigTuna;
		};
/* End PBXContainerItemProxy section */

/* Begin PBXFileReference section */
		3300B60821E287D400259B48 /* BigTuna.app */ = {isa = PBXFileReference; explicitFileType = wrapper.application; includeInIndex = 0; path = BigTuna.app; sourceTree = BUILT_PRODUCTS_DIR; };
		3300B60B21E287D400259B48 /* AppDelegate.swift */ = {isa = PBXFileReference; lastKnownFileType = sourcecode.swift; path = AppDelegate.swift; sourceTree = "<group>"; };
		3300B61021E287D400259B48 /* Base */ = {isa = PBXFileReference; lastKnownFileType = file.storyboard; name = Base; path = Base.lproj/Main.storyboard; sourceTree = "<group>"; };
		3300B61221E287D500259B48 /* Assets.xcassets */ = {isa = PBXFileReference; lastKnownFileType = folder.assetcatalog; path = Assets.xcassets; sourceTree = "<group>"; };
		3300B61521E287D500259B48 /* Base */ = {isa = PBXFileReference; lastKnownFileType = file.storyboard; name = Base; path = Base.lproj/LaunchScreen.storyboard; sourceTree = "<group>"; };
		3300B61721E287D500259B48 /* Info.plist */ = {isa = PBXFileReference; lastKnownFileType = text.plist.xml; path = Info.plist; sourceTree = "<group>"; };
		3300B61C21E287D500259B48 /* BigTunaTests.xctest */ = {isa = PBXFileReference; explicitFileType = wrapper.cfbundle; includeInIndex = 0; path = BigTunaTests.xctest; sourceTree = BUILT_PRODUCTS_DIR; };
		3300B62021E287D500259B48 /* BigTunaTests.swift */ = {isa = PBXFileReference; lastKnownFileType = sourcecode.swift; path = BigTunaTests.swift; sourceTree = "<group>"; };
		3300B62221E287D500259B48 /* Info.plist */ = {isa = PBXFileReference; lastKnownFileType = text.plist.xml; path = Info.plist; sourceTree = "<group>"; };
		3300B62721E287D500259B48 /* BigTunaUITests.xctest */ = {isa = PBXFileReference; explicitFileType = wrapper.cfbundle; includeInIndex = 0; path = BigTunaUITests.xctest; sourceTree = BUILT_PRODUCTS_DIR; };
		3300B62B21E287D500259B48 /* BigTunaUITests.swift */ = {isa = PBXFileReference; lastKnownFileType = sourcecode.swift; path = BigTunaUITests.swift; sourceTree = "<group>"; };
		3300B62D21E287D500259B48 /* Info.plist */ = {isa = PBXFileReference; lastKnownFileType = text.plist.xml; path = Info.plist; sourceTree = "<group>"; };
		331B192121F6B11200CD39FA /* GoogleService-Info.plist */ = {isa = PBXFileReference; fileEncoding = 4; lastKnownFileType = text.plist.xml; path = "GoogleService-Info.plist"; sourceTree = "<group>"; };
		333DC3CB21F16C4800873A80 /* LoginViewController.swift */ = {isa = PBXFileReference; lastKnownFileType = sourcecode.swift; path = LoginViewController.swift; sourceTree = "<group>"; };
		334542C82246CCC50088E4F3 /* CategoryHeader.swift */ = {isa = PBXFileReference; lastKnownFileType = sourcecode.swift; path = CategoryHeader.swift; sourceTree = "<group>"; };
		33BC9B6B2247D12E007D3FEC /* PostCell.swift */ = {isa = PBXFileReference; lastKnownFileType = sourcecode.swift; path = PostCell.swift; sourceTree = "<group>"; };
		33F73E5F21E2DD6A007A5082 /* MainTabBarController.swift */ = {isa = PBXFileReference; lastKnownFileType = sourcecode.swift; path = MainTabBarController.swift; sourceTree = "<group>"; };
		33FEE07421E43C8400269F35 /* Post.swift */ = {isa = PBXFileReference; lastKnownFileType = sourcecode.swift; path = Post.swift; sourceTree = "<group>"; };
		33FEE07621E43F8700269F35 /* Restaurant.swift */ = {isa = PBXFileReference; lastKnownFileType = sourcecode.swift; path = Restaurant.swift; sourceTree = "<group>"; };
		33FEE07821E4451700269F35 /* User.swift */ = {isa = PBXFileReference; lastKnownFileType = sourcecode.swift; path = User.swift; sourceTree = "<group>"; };
		3764974D705F09B0050470D4 /* Pods-BigTuna.release.xcconfig */ = {isa = PBXFileReference; includeInIndex = 1; lastKnownFileType = text.xcconfig; name = "Pods-BigTuna.release.xcconfig"; path = "Pods/Target Support Files/Pods-BigTuna/Pods-BigTuna.release.xcconfig"; sourceTree = "<group>"; };
		617B0164F4A05BC9BB533E2F /* Pods-BigTunaTests.release.xcconfig */ = {isa = PBXFileReference; includeInIndex = 1; lastKnownFileType = text.xcconfig; name = "Pods-BigTunaTests.release.xcconfig"; path = "Pods/Target Support Files/Pods-BigTunaTests/Pods-BigTunaTests.release.xcconfig"; sourceTree = "<group>"; };
		6352295D220FC22400CADE35 /* CameraViewController.swift */ = {isa = PBXFileReference; lastKnownFileType = sourcecode.swift; path = CameraViewController.swift; sourceTree = "<group>"; };
		6352295F220FFB0500CADE35 /* ProfileViewController.swift */ = {isa = PBXFileReference; lastKnownFileType = sourcecode.swift; path = ProfileViewController.swift; sourceTree = "<group>"; };
		6352296122100C9F00CADE35 /* DiscoverViewController.swift */ = {isa = PBXFileReference; lastKnownFileType = sourcecode.swift; path = DiscoverViewController.swift; sourceTree = "<group>"; };
		63D578BE2241FB8C00C6087E /* LoginImageViewBuilder.swift */ = {isa = PBXFileReference; lastKnownFileType = sourcecode.swift; path = LoginImageViewBuilder.swift; sourceTree = "<group>"; };
		63D578C02242044D00C6087E /* LoginInputViewBuilder.swift */ = {isa = PBXFileReference; lastKnownFileType = sourcecode.swift; path = LoginInputViewBuilder.swift; sourceTree = "<group>"; };
		63E065752248355800C2402A /* LoginButtonViewBuilder.swift */ = {isa = PBXFileReference; lastKnownFileType = sourcecode.swift; path = LoginButtonViewBuilder.swift; sourceTree = "<group>"; };
		63E06577224888C800C2402A /* LoginViewTags.swift */ = {isa = PBXFileReference; lastKnownFileType = sourcecode.swift; path = LoginViewTags.swift; sourceTree = "<group>"; };
		6D18FB294E020309461D4A8C /* Pods_BigTuna.framework */ = {isa = PBXFileReference; explicitFileType = wrapper.framework; includeInIndex = 0; path = Pods_BigTuna.framework; sourceTree = BUILT_PRODUCTS_DIR; };
		71C5C9668976868A1C4CD487 /* Pods-BigTunaUITests.release.xcconfig */ = {isa = PBXFileReference; includeInIndex = 1; lastKnownFileType = text.xcconfig; name = "Pods-BigTunaUITests.release.xcconfig"; path = "Pods/Target Support Files/Pods-BigTunaUITests/Pods-BigTunaUITests.release.xcconfig"; sourceTree = "<group>"; };
		945E7E2698530F943D2CA2D8 /* Pods-BigTunaUITests.debug.xcconfig */ = {isa = PBXFileReference; includeInIndex = 1; lastKnownFileType = text.xcconfig; name = "Pods-BigTunaUITests.debug.xcconfig"; path = "Pods/Target Support Files/Pods-BigTunaUITests/Pods-BigTunaUITests.debug.xcconfig"; sourceTree = "<group>"; };
		98C5789961E6E8EED16C1A4D /* Pods_BigTunaTests.framework */ = {isa = PBXFileReference; explicitFileType = wrapper.framework; includeInIndex = 0; path = Pods_BigTunaTests.framework; sourceTree = BUILT_PRODUCTS_DIR; };
		A5ACC75425C3A8DF104E1371 /* Pods-BigTuna.debug.xcconfig */ = {isa = PBXFileReference; includeInIndex = 1; lastKnownFileType = text.xcconfig; name = "Pods-BigTuna.debug.xcconfig"; path = "Pods/Target Support Files/Pods-BigTuna/Pods-BigTuna.debug.xcconfig"; sourceTree = "<group>"; };
		B9E8EA7DD32C597A74E4E731 /* Pods-BigTunaTests.debug.xcconfig */ = {isa = PBXFileReference; includeInIndex = 1; lastKnownFileType = text.xcconfig; name = "Pods-BigTunaTests.debug.xcconfig"; path = "Pods/Target Support Files/Pods-BigTunaTests/Pods-BigTunaTests.debug.xcconfig"; sourceTree = "<group>"; };
		C2B4814D664DE04ED6FE92DE /* Pods_BigTunaUITests.framework */ = {isa = PBXFileReference; explicitFileType = wrapper.framework; includeInIndex = 0; path = Pods_BigTunaUITests.framework; sourceTree = BUILT_PRODUCTS_DIR; };
/* End PBXFileReference section */

/* Begin PBXFrameworksBuildPhase section */
		3300B60521E287D400259B48 /* Frameworks */ = {
			isa = PBXFrameworksBuildPhase;
			buildActionMask = 2147483647;
			files = (
				C818F1D23040ED4321E939F4 /* Pods_BigTuna.framework in Frameworks */,
			);
			runOnlyForDeploymentPostprocessing = 0;
		};
		3300B61921E287D500259B48 /* Frameworks */ = {
			isa = PBXFrameworksBuildPhase;
			buildActionMask = 2147483647;
			files = (
				97FEF44E7A6BD8152B5374D4 /* Pods_BigTunaTests.framework in Frameworks */,
			);
			runOnlyForDeploymentPostprocessing = 0;
		};
		3300B62421E287D500259B48 /* Frameworks */ = {
			isa = PBXFrameworksBuildPhase;
			buildActionMask = 2147483647;
			files = (
				1FC4784E5447DF2F4F1B6E91 /* Pods_BigTunaUITests.framework in Frameworks */,
			);
			runOnlyForDeploymentPostprocessing = 0;
		};
/* End PBXFrameworksBuildPhase section */

/* Begin PBXGroup section */
		3300B5FF21E287D400259B48 = {
			isa = PBXGroup;
			children = (
				3300B60A21E287D400259B48 /* BigTuna */,
				3300B61F21E287D500259B48 /* BigTunaTests */,
				3300B62A21E287D500259B48 /* BigTunaUITests */,
				3300B60921E287D400259B48 /* Products */,
				72E4EFDE83D2842FE4A2737B /* Pods */,
				669EA643CF6632B0F5F4A29A /* Frameworks */,
			);
			sourceTree = "<group>";
		};
		3300B60921E287D400259B48 /* Products */ = {
			isa = PBXGroup;
			children = (
				3300B60821E287D400259B48 /* BigTuna.app */,
				3300B61C21E287D500259B48 /* BigTunaTests.xctest */,
				3300B62721E287D500259B48 /* BigTunaUITests.xctest */,
			);
			name = Products;
			sourceTree = "<group>";
		};
		3300B60A21E287D400259B48 /* BigTuna */ = {
			isa = PBXGroup;
			children = (
				33F73E5D21E2DC2A007A5082 /* Models */,
				33F73E5B21E2DBF8007A5082 /* View Controllers */,
				3300B60B21E287D400259B48 /* AppDelegate.swift */,
				3300B60F21E287D400259B48 /* Main.storyboard */,
				3300B61221E287D500259B48 /* Assets.xcassets */,
				3300B61421E287D500259B48 /* LaunchScreen.storyboard */,
				3300B61721E287D500259B48 /* Info.plist */,
				331B192121F6B11200CD39FA /* GoogleService-Info.plist */,
			);
			path = BigTuna;
			sourceTree = "<group>";
		};
		3300B61F21E287D500259B48 /* BigTunaTests */ = {
			isa = PBXGroup;
			children = (
				3300B62021E287D500259B48 /* BigTunaTests.swift */,
				3300B62221E287D500259B48 /* Info.plist */,
			);
			path = BigTunaTests;
			sourceTree = "<group>";
		};
		3300B62A21E287D500259B48 /* BigTunaUITests */ = {
			isa = PBXGroup;
			children = (
				3300B62B21E287D500259B48 /* BigTunaUITests.swift */,
				3300B62D21E287D500259B48 /* Info.plist */,
			);
			path = BigTunaUITests;
			sourceTree = "<group>";
		};
		330ED3F02251095200164CA6 /* Discover */ = {
			isa = PBXGroup;
			children = (
				334542C82246CCC50088E4F3 /* CategoryHeader.swift */,
				33BC9B6B2247D12E007D3FEC /* PostCell.swift */,
				6352296122100C9F00CADE35 /* DiscoverViewController.swift */,
			);
			path = Discover;
			sourceTree = "<group>";
		};
		33F73E5B21E2DBF8007A5082 /* View Controllers */ = {
			isa = PBXGroup;
			children = (
				330ED3F02251095200164CA6 /* Discover */,
				63D578BD2241FAB800C6087E /* Login */,
				33F73E5F21E2DD6A007A5082 /* MainTabBarController.swift */,
				6352295D220FC22400CADE35 /* CameraViewController.swift */,
				6352295F220FFB0500CADE35 /* ProfileViewController.swift */,
			);
			path = "View Controllers";
			sourceTree = "<group>";
		};
		33F73E5D21E2DC2A007A5082 /* Models */ = {
			isa = PBXGroup;
			children = (
				33FEE07421E43C8400269F35 /* Post.swift */,
				33FEE07621E43F8700269F35 /* Restaurant.swift */,
				33FEE07821E4451700269F35 /* User.swift */,
			);
			path = Models;
			sourceTree = "<group>";
		};
		63D578BD2241FAB800C6087E /* Login */ = {
			isa = PBXGroup;
			children = (
				333DC3CB21F16C4800873A80 /* LoginViewController.swift */,
				63E065752248355800C2402A /* LoginButtonViewBuilder.swift */,
				63D578BE2241FB8C00C6087E /* LoginImageViewBuilder.swift */,
				63D578C02242044D00C6087E /* LoginInputViewBuilder.swift */,
				63E06577224888C800C2402A /* LoginViewTags.swift */,
			);
			path = Login;
			sourceTree = "<group>";
		};
		669EA643CF6632B0F5F4A29A /* Frameworks */ = {
			isa = PBXGroup;
			children = (
				6D18FB294E020309461D4A8C /* Pods_BigTuna.framework */,
				98C5789961E6E8EED16C1A4D /* Pods_BigTunaTests.framework */,
				C2B4814D664DE04ED6FE92DE /* Pods_BigTunaUITests.framework */,
			);
			name = Frameworks;
			sourceTree = "<group>";
		};
		72E4EFDE83D2842FE4A2737B /* Pods */ = {
			isa = PBXGroup;
			children = (
				A5ACC75425C3A8DF104E1371 /* Pods-BigTuna.debug.xcconfig */,
				3764974D705F09B0050470D4 /* Pods-BigTuna.release.xcconfig */,
				B9E8EA7DD32C597A74E4E731 /* Pods-BigTunaTests.debug.xcconfig */,
				617B0164F4A05BC9BB533E2F /* Pods-BigTunaTests.release.xcconfig */,
				945E7E2698530F943D2CA2D8 /* Pods-BigTunaUITests.debug.xcconfig */,
				71C5C9668976868A1C4CD487 /* Pods-BigTunaUITests.release.xcconfig */,
			);
			name = Pods;
			sourceTree = "<group>";
		};
/* End PBXGroup section */

/* Begin PBXNativeTarget section */
		3300B60721E287D400259B48 /* BigTuna */ = {
			isa = PBXNativeTarget;
			buildConfigurationList = 3300B63021E287D500259B48 /* Build configuration list for PBXNativeTarget "BigTuna" */;
			buildPhases = (
				F78487409FAA59D5F8D3D9C2 /* [CP] Check Pods Manifest.lock */,
				3300B60421E287D400259B48 /* Sources */,
				3300B60521E287D400259B48 /* Frameworks */,
				3300B60621E287D400259B48 /* Resources */,
				30572489F801229C2BF2F51F /* [CP] Embed Pods Frameworks */,
			);
			buildRules = (
			);
			dependencies = (
			);
			name = BigTuna;
			productName = BigTuna;
			productReference = 3300B60821E287D400259B48 /* BigTuna.app */;
			productType = "com.apple.product-type.application";
		};
		3300B61B21E287D500259B48 /* BigTunaTests */ = {
			isa = PBXNativeTarget;
			buildConfigurationList = 3300B63321E287D500259B48 /* Build configuration list for PBXNativeTarget "BigTunaTests" */;
			buildPhases = (
				F765F5AA5E7966313A9BEED5 /* [CP] Check Pods Manifest.lock */,
				3300B61821E287D500259B48 /* Sources */,
				3300B61921E287D500259B48 /* Frameworks */,
				3300B61A21E287D500259B48 /* Resources */,
			);
			buildRules = (
			);
			dependencies = (
				3300B61E21E287D500259B48 /* PBXTargetDependency */,
			);
			name = BigTunaTests;
			productName = BigTunaTests;
			productReference = 3300B61C21E287D500259B48 /* BigTunaTests.xctest */;
			productType = "com.apple.product-type.bundle.unit-test";
		};
		3300B62621E287D500259B48 /* BigTunaUITests */ = {
			isa = PBXNativeTarget;
			buildConfigurationList = 3300B63621E287D500259B48 /* Build configuration list for PBXNativeTarget "BigTunaUITests" */;
			buildPhases = (
				8B4A3B090623350FA63227A7 /* [CP] Check Pods Manifest.lock */,
				3300B62321E287D500259B48 /* Sources */,
				3300B62421E287D500259B48 /* Frameworks */,
				3300B62521E287D500259B48 /* Resources */,
			);
			buildRules = (
			);
			dependencies = (
				3300B62921E287D500259B48 /* PBXTargetDependency */,
			);
			name = BigTunaUITests;
			productName = BigTunaUITests;
			productReference = 3300B62721E287D500259B48 /* BigTunaUITests.xctest */;
			productType = "com.apple.product-type.bundle.ui-testing";
		};
/* End PBXNativeTarget section */

/* Begin PBXProject section */
		3300B60021E287D400259B48 /* Project object */ = {
			isa = PBXProject;
			attributes = {
				LastSwiftUpdateCheck = 1010;
				LastUpgradeCheck = 1010;
				ORGANIZATIONNAME = "aomori nebuta";
				TargetAttributes = {
					3300B60721E287D400259B48 = {
						CreatedOnToolsVersion = 10.1;
					};
					3300B61B21E287D500259B48 = {
						CreatedOnToolsVersion = 10.1;
						TestTargetID = 3300B60721E287D400259B48;
					};
					3300B62621E287D500259B48 = {
						CreatedOnToolsVersion = 10.1;
						TestTargetID = 3300B60721E287D400259B48;
					};
				};
			};
			buildConfigurationList = 3300B60321E287D400259B48 /* Build configuration list for PBXProject "BigTuna" */;
			compatibilityVersion = "Xcode 9.3";
			developmentRegion = en;
			hasScannedForEncodings = 0;
			knownRegions = (
				en,
				Base,
			);
			mainGroup = 3300B5FF21E287D400259B48;
			productRefGroup = 3300B60921E287D400259B48 /* Products */;
			projectDirPath = "";
			projectRoot = "";
			targets = (
				3300B60721E287D400259B48 /* BigTuna */,
				3300B61B21E287D500259B48 /* BigTunaTests */,
				3300B62621E287D500259B48 /* BigTunaUITests */,
			);
		};
/* End PBXProject section */

/* Begin PBXResourcesBuildPhase section */
		3300B60621E287D400259B48 /* Resources */ = {
			isa = PBXResourcesBuildPhase;
			buildActionMask = 2147483647;
			files = (
				3300B61621E287D500259B48 /* LaunchScreen.storyboard in Resources */,
				331B192221F6B11300CD39FA /* GoogleService-Info.plist in Resources */,
				3300B61321E287D500259B48 /* Assets.xcassets in Resources */,
				3300B61121E287D400259B48 /* Main.storyboard in Resources */,
			);
			runOnlyForDeploymentPostprocessing = 0;
		};
		3300B61A21E287D500259B48 /* Resources */ = {
			isa = PBXResourcesBuildPhase;
			buildActionMask = 2147483647;
			files = (
			);
			runOnlyForDeploymentPostprocessing = 0;
		};
		3300B62521E287D500259B48 /* Resources */ = {
			isa = PBXResourcesBuildPhase;
			buildActionMask = 2147483647;
			files = (
			);
			runOnlyForDeploymentPostprocessing = 0;
		};
/* End PBXResourcesBuildPhase section */

/* Begin PBXShellScriptBuildPhase section */
		30572489F801229C2BF2F51F /* [CP] Embed Pods Frameworks */ = {
			isa = PBXShellScriptBuildPhase;
			buildActionMask = 2147483647;
			files = (
			);
			inputFileListPaths = (
			);
			inputPaths = (
				"${SRCROOT}/Pods/Target Support Files/Pods-BigTuna/Pods-BigTuna-frameworks.sh",
				"${BUILT_PRODUCTS_DIR}/GTMSessionFetcher/GTMSessionFetcher.framework",
				"${BUILT_PRODUCTS_DIR}/GoogleUtilities/GoogleUtilities.framework",
				"${BUILT_PRODUCTS_DIR}/nanopb/nanopb.framework",
			);
			name = "[CP] Embed Pods Frameworks";
			outputFileListPaths = (
			);
			outputPaths = (
				"${TARGET_BUILD_DIR}/${FRAMEWORKS_FOLDER_PATH}/GTMSessionFetcher.framework",
				"${TARGET_BUILD_DIR}/${FRAMEWORKS_FOLDER_PATH}/GoogleUtilities.framework",
				"${TARGET_BUILD_DIR}/${FRAMEWORKS_FOLDER_PATH}/nanopb.framework",
			);
			runOnlyForDeploymentPostprocessing = 0;
			shellPath = /bin/sh;
			shellScript = "\"${SRCROOT}/Pods/Target Support Files/Pods-BigTuna/Pods-BigTuna-frameworks.sh\"\n";
			showEnvVarsInLog = 0;
		};
		8B4A3B090623350FA63227A7 /* [CP] Check Pods Manifest.lock */ = {
			isa = PBXShellScriptBuildPhase;
			buildActionMask = 2147483647;
			files = (
			);
			inputFileListPaths = (
			);
			inputPaths = (
				"${PODS_PODFILE_DIR_PATH}/Podfile.lock",
				"${PODS_ROOT}/Manifest.lock",
			);
			name = "[CP] Check Pods Manifest.lock";
			outputFileListPaths = (
			);
			outputPaths = (
				"$(DERIVED_FILE_DIR)/Pods-BigTunaUITests-checkManifestLockResult.txt",
			);
			runOnlyForDeploymentPostprocessing = 0;
			shellPath = /bin/sh;
			shellScript = "diff \"${PODS_PODFILE_DIR_PATH}/Podfile.lock\" \"${PODS_ROOT}/Manifest.lock\" > /dev/null\nif [ $? != 0 ] ; then\n    # print error to STDERR\n    echo \"error: The sandbox is not in sync with the Podfile.lock. Run 'pod install' or update your CocoaPods installation.\" >&2\n    exit 1\nfi\n# This output is used by Xcode 'outputs' to avoid re-running this script phase.\necho \"SUCCESS\" > \"${SCRIPT_OUTPUT_FILE_0}\"\n";
			showEnvVarsInLog = 0;
		};
		F765F5AA5E7966313A9BEED5 /* [CP] Check Pods Manifest.lock */ = {
			isa = PBXShellScriptBuildPhase;
			buildActionMask = 2147483647;
			files = (
			);
			inputFileListPaths = (
			);
			inputPaths = (
				"${PODS_PODFILE_DIR_PATH}/Podfile.lock",
				"${PODS_ROOT}/Manifest.lock",
			);
			name = "[CP] Check Pods Manifest.lock";
			outputFileListPaths = (
			);
			outputPaths = (
				"$(DERIVED_FILE_DIR)/Pods-BigTunaTests-checkManifestLockResult.txt",
			);
			runOnlyForDeploymentPostprocessing = 0;
			shellPath = /bin/sh;
			shellScript = "diff \"${PODS_PODFILE_DIR_PATH}/Podfile.lock\" \"${PODS_ROOT}/Manifest.lock\" > /dev/null\nif [ $? != 0 ] ; then\n    # print error to STDERR\n    echo \"error: The sandbox is not in sync with the Podfile.lock. Run 'pod install' or update your CocoaPods installation.\" >&2\n    exit 1\nfi\n# This output is used by Xcode 'outputs' to avoid re-running this script phase.\necho \"SUCCESS\" > \"${SCRIPT_OUTPUT_FILE_0}\"\n";
			showEnvVarsInLog = 0;
		};
		F78487409FAA59D5F8D3D9C2 /* [CP] Check Pods Manifest.lock */ = {
			isa = PBXShellScriptBuildPhase;
			buildActionMask = 2147483647;
			files = (
			);
			inputFileListPaths = (
			);
			inputPaths = (
				"${PODS_PODFILE_DIR_PATH}/Podfile.lock",
				"${PODS_ROOT}/Manifest.lock",
			);
			name = "[CP] Check Pods Manifest.lock";
			outputFileListPaths = (
			);
			outputPaths = (
				"$(DERIVED_FILE_DIR)/Pods-BigTuna-checkManifestLockResult.txt",
			);
			runOnlyForDeploymentPostprocessing = 0;
			shellPath = /bin/sh;
			shellScript = "diff \"${PODS_PODFILE_DIR_PATH}/Podfile.lock\" \"${PODS_ROOT}/Manifest.lock\" > /dev/null\nif [ $? != 0 ] ; then\n    # print error to STDERR\n    echo \"error: The sandbox is not in sync with the Podfile.lock. Run 'pod install' or update your CocoaPods installation.\" >&2\n    exit 1\nfi\n# This output is used by Xcode 'outputs' to avoid re-running this script phase.\necho \"SUCCESS\" > \"${SCRIPT_OUTPUT_FILE_0}\"\n";
			showEnvVarsInLog = 0;
		};
/* End PBXShellScriptBuildPhase section */

/* Begin PBXSourcesBuildPhase section */
		3300B60421E287D400259B48 /* Sources */ = {
			isa = PBXSourcesBuildPhase;
			buildActionMask = 2147483647;
			files = (
				33F73E6021E2DD6A007A5082 /* MainTabBarController.swift in Sources */,
				63D578C12242044D00C6087E /* LoginInputViewBuilder.swift in Sources */,
				33FEE07721E43F8700269F35 /* Restaurant.swift in Sources */,
				333DC3CC21F16C4800873A80 /* LoginViewController.swift in Sources */,
				33FEE07921E4451700269F35 /* User.swift in Sources */,
				6352295E220FC22400CADE35 /* CameraViewController.swift in Sources */,
				63E06578224888C800C2402A /* LoginViewTags.swift in Sources */,
				33FEE07521E43C8400269F35 /* Post.swift in Sources */,
				63E065762248355800C2402A /* LoginButtonViewBuilder.swift in Sources */,
				6352296222100C9F00CADE35 /* DiscoverViewController.swift in Sources */,
				63522960220FFB0500CADE35 /* ProfileViewController.swift in Sources */,
				33BC9B6C2247D12E007D3FEC /* PostCell.swift in Sources */,
				63D578BF2241FB8C00C6087E /* LoginImageViewBuilder.swift in Sources */,
				3300B60C21E287D400259B48 /* AppDelegate.swift in Sources */,
				334542C92246CCC50088E4F3 /* CategoryHeader.swift in Sources */,
			);
			runOnlyForDeploymentPostprocessing = 0;
		};
		3300B61821E287D500259B48 /* Sources */ = {
			isa = PBXSourcesBuildPhase;
			buildActionMask = 2147483647;
			files = (
				3300B62121E287D500259B48 /* BigTunaTests.swift in Sources */,
			);
			runOnlyForDeploymentPostprocessing = 0;
		};
		3300B62321E287D500259B48 /* Sources */ = {
			isa = PBXSourcesBuildPhase;
			buildActionMask = 2147483647;
			files = (
				3300B62C21E287D500259B48 /* BigTunaUITests.swift in Sources */,
			);
			runOnlyForDeploymentPostprocessing = 0;
		};
/* End PBXSourcesBuildPhase section */

/* Begin PBXTargetDependency section */
		3300B61E21E287D500259B48 /* PBXTargetDependency */ = {
			isa = PBXTargetDependency;
			target = 3300B60721E287D400259B48 /* BigTuna */;
			targetProxy = 3300B61D21E287D500259B48 /* PBXContainerItemProxy */;
		};
		3300B62921E287D500259B48 /* PBXTargetDependency */ = {
			isa = PBXTargetDependency;
			target = 3300B60721E287D400259B48 /* BigTuna */;
			targetProxy = 3300B62821E287D500259B48 /* PBXContainerItemProxy */;
		};
/* End PBXTargetDependency section */

/* Begin PBXVariantGroup section */
		3300B60F21E287D400259B48 /* Main.storyboard */ = {
			isa = PBXVariantGroup;
			children = (
				3300B61021E287D400259B48 /* Base */,
			);
			name = Main.storyboard;
			sourceTree = "<group>";
		};
		3300B61421E287D500259B48 /* LaunchScreen.storyboard */ = {
			isa = PBXVariantGroup;
			children = (
				3300B61521E287D500259B48 /* Base */,
			);
			name = LaunchScreen.storyboard;
			sourceTree = "<group>";
		};
/* End PBXVariantGroup section */

/* Begin XCBuildConfiguration section */
		3300B62E21E287D500259B48 /* Debug */ = {
			isa = XCBuildConfiguration;
			buildSettings = {
				ALWAYS_SEARCH_USER_PATHS = NO;
				CLANG_ANALYZER_NONNULL = YES;
				CLANG_ANALYZER_NUMBER_OBJECT_CONVERSION = YES_AGGRESSIVE;
				CLANG_CXX_LANGUAGE_STANDARD = "gnu++14";
				CLANG_CXX_LIBRARY = "libc++";
				CLANG_ENABLE_MODULES = YES;
				CLANG_ENABLE_OBJC_ARC = YES;
				CLANG_ENABLE_OBJC_WEAK = YES;
				CLANG_WARN_BLOCK_CAPTURE_AUTORELEASING = YES;
				CLANG_WARN_BOOL_CONVERSION = YES;
				CLANG_WARN_COMMA = YES;
				CLANG_WARN_CONSTANT_CONVERSION = YES;
				CLANG_WARN_DEPRECATED_OBJC_IMPLEMENTATIONS = YES;
				CLANG_WARN_DIRECT_OBJC_ISA_USAGE = YES_ERROR;
				CLANG_WARN_DOCUMENTATION_COMMENTS = YES;
				CLANG_WARN_EMPTY_BODY = YES;
				CLANG_WARN_ENUM_CONVERSION = YES;
				CLANG_WARN_INFINITE_RECURSION = YES;
				CLANG_WARN_INT_CONVERSION = YES;
				CLANG_WARN_NON_LITERAL_NULL_CONVERSION = YES;
				CLANG_WARN_OBJC_IMPLICIT_RETAIN_SELF = YES;
				CLANG_WARN_OBJC_LITERAL_CONVERSION = YES;
				CLANG_WARN_OBJC_ROOT_CLASS = YES_ERROR;
				CLANG_WARN_RANGE_LOOP_ANALYSIS = YES;
				CLANG_WARN_STRICT_PROTOTYPES = YES;
				CLANG_WARN_SUSPICIOUS_MOVE = YES;
				CLANG_WARN_UNGUARDED_AVAILABILITY = YES_AGGRESSIVE;
				CLANG_WARN_UNREACHABLE_CODE = YES;
				CLANG_WARN__DUPLICATE_METHOD_MATCH = YES;
				CODE_SIGN_IDENTITY = "iPhone Developer";
				COPY_PHASE_STRIP = NO;
				DEBUG_INFORMATION_FORMAT = dwarf;
				ENABLE_STRICT_OBJC_MSGSEND = YES;
				ENABLE_TESTABILITY = YES;
				GCC_C_LANGUAGE_STANDARD = gnu11;
				GCC_DYNAMIC_NO_PIC = NO;
				GCC_NO_COMMON_BLOCKS = YES;
				GCC_OPTIMIZATION_LEVEL = 0;
				GCC_PREPROCESSOR_DEFINITIONS = (
					"DEBUG=1",
					"$(inherited)",
				);
				GCC_WARN_64_TO_32_BIT_CONVERSION = YES;
				GCC_WARN_ABOUT_RETURN_TYPE = YES_ERROR;
				GCC_WARN_UNDECLARED_SELECTOR = YES;
				GCC_WARN_UNINITIALIZED_AUTOS = YES_AGGRESSIVE;
				GCC_WARN_UNUSED_FUNCTION = YES;
				GCC_WARN_UNUSED_VARIABLE = YES;
				IPHONEOS_DEPLOYMENT_TARGET = 12.1;
				MTL_ENABLE_DEBUG_INFO = INCLUDE_SOURCE;
				MTL_FAST_MATH = YES;
				ONLY_ACTIVE_ARCH = YES;
				SDKROOT = iphoneos;
				SWIFT_ACTIVE_COMPILATION_CONDITIONS = DEBUG;
				SWIFT_OPTIMIZATION_LEVEL = "-Onone";
			};
			name = Debug;
		};
		3300B62F21E287D500259B48 /* Release */ = {
			isa = XCBuildConfiguration;
			buildSettings = {
				ALWAYS_SEARCH_USER_PATHS = NO;
				CLANG_ANALYZER_NONNULL = YES;
				CLANG_ANALYZER_NUMBER_OBJECT_CONVERSION = YES_AGGRESSIVE;
				CLANG_CXX_LANGUAGE_STANDARD = "gnu++14";
				CLANG_CXX_LIBRARY = "libc++";
				CLANG_ENABLE_MODULES = YES;
				CLANG_ENABLE_OBJC_ARC = YES;
				CLANG_ENABLE_OBJC_WEAK = YES;
				CLANG_WARN_BLOCK_CAPTURE_AUTORELEASING = YES;
				CLANG_WARN_BOOL_CONVERSION = YES;
				CLANG_WARN_COMMA = YES;
				CLANG_WARN_CONSTANT_CONVERSION = YES;
				CLANG_WARN_DEPRECATED_OBJC_IMPLEMENTATIONS = YES;
				CLANG_WARN_DIRECT_OBJC_ISA_USAGE = YES_ERROR;
				CLANG_WARN_DOCUMENTATION_COMMENTS = YES;
				CLANG_WARN_EMPTY_BODY = YES;
				CLANG_WARN_ENUM_CONVERSION = YES;
				CLANG_WARN_INFINITE_RECURSION = YES;
				CLANG_WARN_INT_CONVERSION = YES;
				CLANG_WARN_NON_LITERAL_NULL_CONVERSION = YES;
				CLANG_WARN_OBJC_IMPLICIT_RETAIN_SELF = YES;
				CLANG_WARN_OBJC_LITERAL_CONVERSION = YES;
				CLANG_WARN_OBJC_ROOT_CLASS = YES_ERROR;
				CLANG_WARN_RANGE_LOOP_ANALYSIS = YES;
				CLANG_WARN_STRICT_PROTOTYPES = YES;
				CLANG_WARN_SUSPICIOUS_MOVE = YES;
				CLANG_WARN_UNGUARDED_AVAILABILITY = YES_AGGRESSIVE;
				CLANG_WARN_UNREACHABLE_CODE = YES;
				CLANG_WARN__DUPLICATE_METHOD_MATCH = YES;
				CODE_SIGN_IDENTITY = "iPhone Developer";
				COPY_PHASE_STRIP = NO;
				DEBUG_INFORMATION_FORMAT = "dwarf-with-dsym";
				ENABLE_NS_ASSERTIONS = NO;
				ENABLE_STRICT_OBJC_MSGSEND = YES;
				GCC_C_LANGUAGE_STANDARD = gnu11;
				GCC_NO_COMMON_BLOCKS = YES;
				GCC_WARN_64_TO_32_BIT_CONVERSION = YES;
				GCC_WARN_ABOUT_RETURN_TYPE = YES_ERROR;
				GCC_WARN_UNDECLARED_SELECTOR = YES;
				GCC_WARN_UNINITIALIZED_AUTOS = YES_AGGRESSIVE;
				GCC_WARN_UNUSED_FUNCTION = YES;
				GCC_WARN_UNUSED_VARIABLE = YES;
				IPHONEOS_DEPLOYMENT_TARGET = 12.1;
				MTL_ENABLE_DEBUG_INFO = NO;
				MTL_FAST_MATH = YES;
				SDKROOT = iphoneos;
				SWIFT_COMPILATION_MODE = wholemodule;
				SWIFT_OPTIMIZATION_LEVEL = "-O";
				VALIDATE_PRODUCT = YES;
			};
			name = Release;
		};
		3300B63121E287D500259B48 /* Debug */ = {
			isa = XCBuildConfiguration;
			baseConfigurationReference = A5ACC75425C3A8DF104E1371 /* Pods-BigTuna.debug.xcconfig */;
			buildSettings = {
				ASSETCATALOG_COMPILER_APPICON_NAME = AppIcon;
				CODE_SIGN_IDENTITY = "iPhone Developer";
				CODE_SIGN_STYLE = Automatic;
				DEVELOPMENT_TEAM = Q6HM8NCC5D;
				INFOPLIST_FILE = BigTuna/Info.plist;
				LD_RUNPATH_SEARCH_PATHS = (
					"$(inherited)",
					"@executable_path/Frameworks",
				);
				PRODUCT_BUNDLE_IDENTIFIER = com.james.BigTuna;
				PRODUCT_NAME = "$(TARGET_NAME)";
				PROVISIONING_PROFILE_SPECIFIER = "";
				SWIFT_VERSION = 4.2;
				TARGETED_DEVICE_FAMILY = "1,2";
			};
			name = Debug;
		};
		3300B63221E287D500259B48 /* Release */ = {
			isa = XCBuildConfiguration;
			baseConfigurationReference = 3764974D705F09B0050470D4 /* Pods-BigTuna.release.xcconfig */;
			buildSettings = {
				ASSETCATALOG_COMPILER_APPICON_NAME = AppIcon;
				CODE_SIGN_IDENTITY = "iPhone Developer";
				CODE_SIGN_STYLE = Automatic;
				DEVELOPMENT_TEAM = Q6HM8NCC5D;
				INFOPLIST_FILE = BigTuna/Info.plist;
				LD_RUNPATH_SEARCH_PATHS = (
					"$(inherited)",
					"@executable_path/Frameworks",
				);
				PRODUCT_BUNDLE_IDENTIFIER = com.james.BigTuna;
				PRODUCT_NAME = "$(TARGET_NAME)";
				PROVISIONING_PROFILE_SPECIFIER = "";
				SWIFT_VERSION = 4.2;
				TARGETED_DEVICE_FAMILY = "1,2";
			};
			name = Release;
		};
		3300B63421E287D500259B48 /* Debug */ = {
			isa = XCBuildConfiguration;
			baseConfigurationReference = B9E8EA7DD32C597A74E4E731 /* Pods-BigTunaTests.debug.xcconfig */;
			buildSettings = {
				ALWAYS_EMBED_SWIFT_STANDARD_LIBRARIES = YES;
				BUNDLE_LOADER = "$(TEST_HOST)";
				CODE_SIGN_STYLE = Automatic;
				DEVELOPMENT_TEAM = Q6HM8NCC5D;
				INFOPLIST_FILE = BigTunaTests/Info.plist;
				LD_RUNPATH_SEARCH_PATHS = (
					"$(inherited)",
					"@executable_path/Frameworks",
					"@loader_path/Frameworks",
				);
				PRODUCT_BUNDLE_IDENTIFIER = com.james.BigTunaTests;
				PRODUCT_NAME = "$(TARGET_NAME)";
				SWIFT_VERSION = 4.2;
				TARGETED_DEVICE_FAMILY = "1,2";
				TEST_HOST = "$(BUILT_PRODUCTS_DIR)/BigTuna.app/BigTuna";
			};
			name = Debug;
		};
		3300B63521E287D500259B48 /* Release */ = {
			isa = XCBuildConfiguration;
			baseConfigurationReference = 617B0164F4A05BC9BB533E2F /* Pods-BigTunaTests.release.xcconfig */;
			buildSettings = {
				ALWAYS_EMBED_SWIFT_STANDARD_LIBRARIES = YES;
				BUNDLE_LOADER = "$(TEST_HOST)";
				CODE_SIGN_STYLE = Automatic;
				DEVELOPMENT_TEAM = Q6HM8NCC5D;
				INFOPLIST_FILE = BigTunaTests/Info.plist;
				LD_RUNPATH_SEARCH_PATHS = (
					"$(inherited)",
					"@executable_path/Frameworks",
					"@loader_path/Frameworks",
				);
				PRODUCT_BUNDLE_IDENTIFIER = com.james.BigTunaTests;
				PRODUCT_NAME = "$(TARGET_NAME)";
				SWIFT_VERSION = 4.2;
				TARGETED_DEVICE_FAMILY = "1,2";
				TEST_HOST = "$(BUILT_PRODUCTS_DIR)/BigTuna.app/BigTuna";
			};
			name = Release;
		};
		3300B63721E287D500259B48 /* Debug */ = {
			isa = XCBuildConfiguration;
			baseConfigurationReference = 945E7E2698530F943D2CA2D8 /* Pods-BigTunaUITests.debug.xcconfig */;
			buildSettings = {
				ALWAYS_EMBED_SWIFT_STANDARD_LIBRARIES = YES;
				CODE_SIGN_STYLE = Automatic;
				DEVELOPMENT_TEAM = Q6HM8NCC5D;
				INFOPLIST_FILE = BigTunaUITests/Info.plist;
				LD_RUNPATH_SEARCH_PATHS = (
					"$(inherited)",
					"@executable_path/Frameworks",
					"@loader_path/Frameworks",
				);
				PRODUCT_BUNDLE_IDENTIFIER = com.james.BigTunaUITests;
				PRODUCT_NAME = "$(TARGET_NAME)";
				SWIFT_VERSION = 4.2;
				TARGETED_DEVICE_FAMILY = "1,2";
				TEST_TARGET_NAME = BigTuna;
			};
			name = Debug;
		};
		3300B63821E287D500259B48 /* Release */ = {
			isa = XCBuildConfiguration;
			baseConfigurationReference = 71C5C9668976868A1C4CD487 /* Pods-BigTunaUITests.release.xcconfig */;
			buildSettings = {
				ALWAYS_EMBED_SWIFT_STANDARD_LIBRARIES = YES;
				CODE_SIGN_STYLE = Automatic;
				DEVELOPMENT_TEAM = Q6HM8NCC5D;
				INFOPLIST_FILE = BigTunaUITests/Info.plist;
				LD_RUNPATH_SEARCH_PATHS = (
					"$(inherited)",
					"@executable_path/Frameworks",
					"@loader_path/Frameworks",
				);
				PRODUCT_BUNDLE_IDENTIFIER = com.james.BigTunaUITests;
				PRODUCT_NAME = "$(TARGET_NAME)";
				SWIFT_VERSION = 4.2;
				TARGETED_DEVICE_FAMILY = "1,2";
				TEST_TARGET_NAME = BigTuna;
			};
			name = Release;
		};
/* End XCBuildConfiguration section */

/* Begin XCConfigurationList section */
		3300B60321E287D400259B48 /* Build configuration list for PBXProject "BigTuna" */ = {
			isa = XCConfigurationList;
			buildConfigurations = (
				3300B62E21E287D500259B48 /* Debug */,
				3300B62F21E287D500259B48 /* Release */,
			);
			defaultConfigurationIsVisible = 0;
			defaultConfigurationName = Release;
		};
		3300B63021E287D500259B48 /* Build configuration list for PBXNativeTarget "BigTuna" */ = {
			isa = XCConfigurationList;
			buildConfigurations = (
				3300B63121E287D500259B48 /* Debug */,
				3300B63221E287D500259B48 /* Release */,
			);
			defaultConfigurationIsVisible = 0;
			defaultConfigurationName = Release;
		};
		3300B63321E287D500259B48 /* Build configuration list for PBXNativeTarget "BigTunaTests" */ = {
			isa = XCConfigurationList;
			buildConfigurations = (
				3300B63421E287D500259B48 /* Debug */,
				3300B63521E287D500259B48 /* Release */,
			);
			defaultConfigurationIsVisible = 0;
			defaultConfigurationName = Release;
		};
		3300B63621E287D500259B48 /* Build configuration list for PBXNativeTarget "BigTunaUITests" */ = {
			isa = XCConfigurationList;
			buildConfigurations = (
				3300B63721E287D500259B48 /* Debug */,
				3300B63821E287D500259B48 /* Release */,
			);
			defaultConfigurationIsVisible = 0;
			defaultConfigurationName = Release;
		};
/* End XCConfigurationList section */
	};
	rootObject = 3300B60021E287D400259B48 /* Project object */;
}
